<?xml version="1.0" encoding="UTF-8"?>
<Project ToolsVersion="14.0" xmlns="http://schemas.microsoft.com/developer/msbuild/2003">
  <ItemGroup>
    <ClCompile Include="C:\Users\Ujas\Documents\VTK\VTKProjects\FourPanelViewer\src\QtVTKRenderWindowsApp.cxx">
      <Filter>Source Files</Filter>
    </ClCompile>
    <ClCompile Include="C:\Users\Ujas\Documents\VTK\VTKProjects\FourPanelViewer\src\QtVTKRenderWindows.cxx">
      <Filter>Source Files</Filter>
    </ClCompile>
    <ClCompile Include="C:\Users\Ujas\Documents\VTK\VTKProjects\FourPanelViewer\vs\QtVTKRenderWindows_automoc.cpp">
      <Filter>Source Files</Filter>
    </ClCompile>
  </ItemGroup>
  <ItemGroup>
    <ClInclude Include="C:\Users\Ujas\Documents\VTK\VTKProjects\FourPanelViewer\src\QtVTKRenderWindows.h">
      <Filter>Header Files</Filter>
    </ClInclude>
    <ClInclude Include="C:\Users\Ujas\Documents\VTK\VTKProjects\FourPanelViewer\vs\ui_QtVTKRenderWindows.h">
      <Filter>Header Files</Filter>
    </ClInclude>
  </ItemGroup>
  <ItemGroup>
    <CustomBuild Include="C:\Users\Ujas\Documents\VTK\VTKProjects\FourPanelViewer\src\CMakeLists.txt" />
    <CustomBuild Include="C:\Users\Ujas\Documents\VTK\VTKProjects\FourPanelViewer\src\QtVTKRenderWindows.ui" />
  </ItemGroup>
  <ItemGroup>
    <Filter Include="Source Files">
      <UniqueIdentifier>{152CF4EB-439C-343B-83B9-366886E04DDB}</UniqueIdentifier>
    </Filter>
    <Filter Include="Header Files">
      <UniqueIdentifier>{5CFC4F7F-82CC-3E4B-B219-5B07BBAA8C0E}</UniqueIdentifier>
    </Filter>
  </ItemGroup>
</Project>
