Microsoft Visual Studio Solution File, Format Version 12.00
# Visual Studio 14
Project("{8BC9CEB8-8B4A-11D0-8D11-00A0C91BC942}") = "ALL_BUILD", "ALL_BUILD.vcxproj", "{893A9BAA-17B8-3476-9D36-5E1A090E1198}"
	ProjectSection(ProjectDependencies) = postProject
		{7AAC4C8A-9F51-3EFA-867F-72F1202AE568} = {7AAC4C8A-9F51-3EFA-867F-72F1202AE568}
		{47AA7604-C569-396D-91C2-5DF674957161} = {47AA7604-C569-396D-91C2-5DF674957161}
	EndProjectSection
EndProject
Project("{8BC9CEB8-8B4A-11D0-8D11-00A0C91BC942}") = "QtVTKRenderWindows", "QtVTKRenderWindows.vcxproj", "{7AAC4C8A-9F51-3EFA-867F-72F1202AE568}"
	ProjectSection(ProjectDependencies) = postProject
		{47AA7604-C569-396D-91C2-5DF674957161} = {47AA7604-C569-396D-91C2-5DF674957161}
	EndProjectSection
EndProject
Project("{8BC9CEB8-8B4A-11D0-8D11-00A0C91BC942}") = "ZERO_CHECK", "ZERO_CHECK.vcxproj", "{47AA7604-C569-396D-91C2-5DF674957161}"
	ProjectSection(ProjectDependencies) = postProject
	EndProjectSection
EndProject
Global
	GlobalSection(SolutionConfigurationPlatforms) = preSolution
		Debug|Win32 = Debug|Win32
		Release|Win32 = Release|Win32
		MinSizeRel|Win32 = MinSizeRel|Win32
		RelWithDebInfo|Win32 = RelWithDebInfo|Win32
	EndGlobalSection
	GlobalSection(ProjectConfigurationPlatforms) = postSolution
		{893A9BAA-17B8-3476-9D36-5E1A090E1198}.Debug|Win32.ActiveCfg = Debug|Win32
		{893A9BAA-17B8-3476-9D36-5E1A090E1198}.Release|Win32.ActiveCfg = Release|Win32
		{893A9BAA-17B8-3476-9D36-5E1A090E1198}.MinSizeRel|Win32.ActiveCfg = MinSizeRel|Win32
		{893A9BAA-17B8-3476-9D36-5E1A090E1198}.RelWithDebInfo|Win32.ActiveCfg = RelWithDebInfo|Win32
		{7AAC4C8A-9F51-3EFA-867F-72F1202AE568}.Debug|Win32.ActiveCfg = Debug|Win32
		{7AAC4C8A-9F51-3EFA-867F-72F1202AE568}.Debug|Win32.Build.0 = Debug|Win32
		{7AAC4C8A-9F51-3EFA-867F-72F1202AE568}.Release|Win32.ActiveCfg = Release|Win32
		{7AAC4C8A-9F51-3EFA-867F-72F1202AE568}.Release|Win32.Build.0 = Release|Win32
		{7AAC4C8A-9F51-3EFA-867F-72F1202AE568}.MinSizeRel|Win32.ActiveCfg = MinSizeRel|Win32
		{7AAC4C8A-9F51-3EFA-867F-72F1202AE568}.MinSizeRel|Win32.Build.0 = MinSizeRel|Win32
		{7AAC4C8A-9F51-3EFA-867F-72F1202AE568}.RelWithDebInfo|Win32.ActiveCfg = RelWithDebInfo|Win32
		{7AAC4C8A-9F51-3EFA-867F-72F1202AE568}.RelWithDebInfo|Win32.Build.0 = RelWithDebInfo|Win32
		{47AA7604-C569-396D-91C2-5DF674957161}.Debug|Win32.ActiveCfg = Debug|Win32
		{47AA7604-C569-396D-91C2-5DF674957161}.Debug|Win32.Build.0 = Debug|Win32
		{47AA7604-C569-396D-91C2-5DF674957161}.Release|Win32.ActiveCfg = Release|Win32
		{47AA7604-C569-396D-91C2-5DF674957161}.Release|Win32.Build.0 = Release|Win32
		{47AA7604-C569-396D-91C2-5DF674957161}.MinSizeRel|Win32.ActiveCfg = MinSizeRel|Win32
		{47AA7604-C569-396D-91C2-5DF674957161}.MinSizeRel|Win32.Build.0 = MinSizeRel|Win32
		{47AA7604-C569-396D-91C2-5DF674957161}.RelWithDebInfo|Win32.ActiveCfg = RelWithDebInfo|Win32
		{47AA7604-C569-396D-91C2-5DF674957161}.RelWithDebInfo|Win32.Build.0 = RelWithDebInfo|Win32
	EndGlobalSection
	GlobalSection(ExtensibilityGlobals) = postSolution
	EndGlobalSection
	GlobalSection(ExtensibilityAddIns) = postSolution
	EndGlobalSection
EndGlobal
